// !$*UTF8*$!
{
	archiveVersion = 1;
	classes = {
	};
	objectVersion = 51;
	objects = {

/* Begin PBXBuildFile section */
		419E124C25F1114600BC3645 /* AppDelegate.swift in Sources */ = {isa = PBXBuildFile; fileRef = 419E124B25F1114600BC3645 /* AppDelegate.swift */; };
		419E124E25F1114600BC3645 /* SceneDelegate.swift in Sources */ = {isa = PBXBuildFile; fileRef = 419E124D25F1114600BC3645 /* SceneDelegate.swift */; };
		419E125325F1114600BC3645 /* Main.storyboard in Resources */ = {isa = PBXBuildFile; fileRef = 419E125125F1114600BC3645 /* Main.storyboard */; };
		419E125525F1114600BC3645 /* Assets.xcassets in Resources */ = {isa = PBXBuildFile; fileRef = 419E125425F1114600BC3645 /* Assets.xcassets */; };
		419E125825F1114600BC3645 /* LaunchScreen.storyboard in Resources */ = {isa = PBXBuildFile; fileRef = 419E125625F1114600BC3645 /* LaunchScreen.storyboard */; };
		419E126125F1126E00BC3645 /* CommodityTableViewController.swift in Sources */ = {isa = PBXBuildFile; fileRef = 419E126025F1126E00BC3645 /* CommodityTableViewController.swift */; };
		419E126C25F114E800BC3645 /* CommodityTableViewCell.swift in Sources */ = {isa = PBXBuildFile; fileRef = 419E126A25F114E800BC3645 /* CommodityTableViewCell.swift */; };
		419E126D25F114E800BC3645 /* CommodityTableViewCell.xib in Resources */ = {isa = PBXBuildFile; fileRef = 419E126B25F114E800BC3645 /* CommodityTableViewCell.xib */; };
		419E127125F115DC00BC3645 /* Constants.swift in Sources */ = {isa = PBXBuildFile; fileRef = 419E127025F115DC00BC3645 /* Constants.swift */; };
		419E127425F1179200BC3645 /* Commodity.swift in Sources */ = {isa = PBXBuildFile; fileRef = 419E127325F1179200BC3645 /* Commodity.swift */; };
		ECB6B9FB7E35B00D5D7374BA /* Pods_assignment6.framework in Frameworks */ = {isa = PBXBuildFile; fileRef = 57E0740584A5924C812BE725 /* Pods_assignment6.framework */; };
/* End PBXBuildFile section */

/* Begin PBXFileReference section */
		419E124825F1114600BC3645 /* assignment6.app */ = {isa = PBXFileReference; explicitFileType = wrapper.application; includeInIndex = 0; path = assignment6.app; sourceTree = BUILT_PRODUCTS_DIR; };
		419E124B25F1114600BC3645 /* AppDelegate.swift */ = {isa = PBXFileReference; lastKnownFileType = sourcecode.swift; path = AppDelegate.swift; sourceTree = "<group>"; };
		419E124D25F1114600BC3645 /* SceneDelegate.swift */ = {isa = PBXFileReference; lastKnownFileType = sourcecode.swift; path = SceneDelegate.swift; sourceTree = "<group>"; };
		419E125225F1114600BC3645 /* Base */ = {isa = PBXFileReference; lastKnownFileType = file.storyboard; name = Base; path = Base.lproj/Main.storyboard; sourceTree = "<group>"; };
		419E125425F1114600BC3645 /* Assets.xcassets */ = {isa = PBXFileReference; lastKnownFileType = folder.assetcatalog; path = Assets.xcassets; sourceTree = "<group>"; };
		419E125725F1114600BC3645 /* Base */ = {isa = PBXFileReference; lastKnownFileType = file.storyboard; name = Base; path = Base.lproj/LaunchScreen.storyboard; sourceTree = "<group>"; };
		419E125925F1114600BC3645 /* Info.plist */ = {isa = PBXFileReference; lastKnownFileType = text.plist.xml; path = Info.plist; sourceTree = "<group>"; };
		419E126025F1126E00BC3645 /* CommodityTableViewController.swift */ = {isa = PBXFileReference; lastKnownFileType = sourcecode.swift; path = CommodityTableViewController.swift; sourceTree = "<group>"; };
		419E126A25F114E800BC3645 /* CommodityTableViewCell.swift */ = {isa = PBXFileReference; lastKnownFileType = sourcecode.swift; path = CommodityTableViewCell.swift; sourceTree = "<group>"; };
		419E126B25F114E800BC3645 /* CommodityTableViewCell.xib */ = {isa = PBXFileReference; lastKnownFileType = file.xib; path = CommodityTableViewCell.xib; sourceTree = "<group>"; };
		419E127025F115DC00BC3645 /* Constants.swift */ = {isa = PBXFileReference; lastKnownFileType = sourcecode.swift; path = Constants.swift; sourceTree = "<group>"; };
		419E127325F1179200BC3645 /* Commodity.swift */ = {isa = PBXFileReference; lastKnownFileType = sourcecode.swift; path = Commodity.swift; sourceTree = "<group>"; };
		477BF950FCC34A55A82F51C3 /* Pods-assignment6.release.xcconfig */ = {isa = PBXFileReference; includeInIndex = 1; lastKnownFileType = text.xcconfig; name = "Pods-assignment6.release.xcconfig"; path = "Target Support Files/Pods-assignment6/Pods-assignment6.release.xcconfig"; sourceTree = "<group>"; };
		57E0740584A5924C812BE725 /* Pods_assignment6.framework */ = {isa = PBXFileReference; explicitFileType = wrapper.framework; includeInIndex = 0; path = Pods_assignment6.framework; sourceTree = BUILT_PRODUCTS_DIR; };
		CCAB1005B360A825F4F879C9 /* Pods-assignment6.debug.xcconfig */ = {isa = PBXFileReference; includeInIndex = 1; lastKnownFileType = text.xcconfig; name = "Pods-assignment6.debug.xcconfig"; path = "Target Support Files/Pods-assignment6/Pods-assignment6.debug.xcconfig"; sourceTree = "<group>"; };
/* End PBXFileReference section */

/* Begin PBXFrameworksBuildPhase section */
		419E124525F1114600BC3645 /* Frameworks */ = {
			isa = PBXFrameworksBuildPhase;
			buildActionMask = 2147483647;
			files = (
				ECB6B9FB7E35B00D5D7374BA /* Pods_assignment6.framework in Frameworks */,
			);
			runOnlyForDeploymentPostprocessing = 0;
		};
/* End PBXFrameworksBuildPhase section */

/* Begin PBXGroup section */
		2BDBBACC8C04BC3C937DF5E2 /* Frameworks */ = {
			isa = PBXGroup;
			children = (
				57E0740584A5924C812BE725 /* Pods_assignment6.framework */,
			);
			name = Frameworks;
			sourceTree = "<group>";
		};
		419E123F25F1114600BC3645 = {
			isa = PBXGroup;
			children = (
				419E124A25F1114600BC3645 /* assignment6 */,
				419E124925F1114600BC3645 /* Products */,
				9D9AFACA3E0A045B4D8B3756 /* Pods */,
				2BDBBACC8C04BC3C937DF5E2 /* Frameworks */,
			);
			sourceTree = "<group>";
		};
		419E124925F1114600BC3645 /* Products */ = {
			isa = PBXGroup;
			children = (
				419E124825F1114600BC3645 /* assignment6.app */,
			);
			name = Products;
			sourceTree = "<group>";
		};
		419E124A25F1114600BC3645 /* assignment6 */ = {
			isa = PBXGroup;
			children = (
				419E124B25F1114600BC3645 /* AppDelegate.swift */,
				419E124D25F1114600BC3645 /* SceneDelegate.swift */,
				419E125125F1114600BC3645 /* Main.storyboard */,
				419E125425F1114600BC3645 /* Assets.xcassets */,
				419E125625F1114600BC3645 /* LaunchScreen.storyboard */,
				419E125925F1114600BC3645 /* Info.plist */,
				419E126025F1126E00BC3645 /* CommodityTableViewController.swift */,
				419E126A25F114E800BC3645 /* CommodityTableViewCell.swift */,
				419E126B25F114E800BC3645 /* CommodityTableViewCell.xib */,
				419E127025F115DC00BC3645 /* Constants.swift */,
				419E127325F1179200BC3645 /* Commodity.swift */,
			);
			path = assignment6;
			sourceTree = "<group>";
		};
		9D9AFACA3E0A045B4D8B3756 /* Pods */ = {
			isa = PBXGroup;
			children = (
				CCAB1005B360A825F4F879C9 /* Pods-assignment6.debug.xcconfig */,
				477BF950FCC34A55A82F51C3 /* Pods-assignment6.release.xcconfig */,
			);
			path = Pods;
			sourceTree = "<group>";
		};
/* End PBXGroup section */

/* Begin PBXNativeTarget section */
		419E124725F1114600BC3645 /* assignment6 */ = {
			isa = PBXNativeTarget;
			buildConfigurationList = 419E125C25F1114600BC3645 /* Build configuration list for PBXNativeTarget "assignment6" */;
			buildPhases = (
				8959AC703CF4B2EB1373FC61 /* [CP] Check Pods Manifest.lock */,
				419E124425F1114600BC3645 /* Sources */,
				419E124525F1114600BC3645 /* Frameworks */,
				419E124625F1114600BC3645 /* Resources */,
				607E72FD50913CF323C85537 /* [CP] Embed Pods Frameworks */,
			);
			buildRules = (
			);
			dependencies = (
			);
			name = assignment6;
			productName = ShowNameAndPrice;
			productReference = 419E124825F1114600BC3645 /* assignment6.app */;
			productType = "com.apple.product-type.application";
		};
/* End PBXNativeTarget section */

/* Begin PBXProject section */
		419E124025F1114600BC3645 /* Project object */ = {
			isa = PBXProject;
			attributes = {
				LastSwiftUpdateCheck = 1240;
				LastUpgradeCheck = 1240;
				TargetAttributes = {
					419E124725F1114600BC3645 = {
						CreatedOnToolsVersion = 12.4;
					};
				};
			};
			buildConfigurationList = 419E124325F1114600BC3645 /* Build configuration list for PBXProject "assignment6" */;
			compatibilityVersion = "Xcode 9.3";
			developmentRegion = en;
			hasScannedForEncodings = 0;
			knownRegions = (
				en,
				Base,
			);
			mainGroup = 419E123F25F1114600BC3645;
			productRefGroup = 419E124925F1114600BC3645 /* Products */;
			projectDirPath = "";
			projectRoot = "";
			targets = (
				419E124725F1114600BC3645 /* assignment6 */,
			);
		};
/* End PBXProject section */

/* Begin PBXResourcesBuildPhase section */
		419E124625F1114600BC3645 /* Resources */ = {
			isa = PBXResourcesBuildPhase;
			buildActionMask = 2147483647;
			files = (
				419E125825F1114600BC3645 /* LaunchScreen.storyboard in Resources */,
				419E125525F1114600BC3645 /* Assets.xcassets in Resources */,
				419E125325F1114600BC3645 /* Main.storyboard in Resources */,
				419E126D25F114E800BC3645 /* CommodityTableViewCell.xib in Resources */,
			);
			runOnlyForDeploymentPostprocessing = 0;
		};
/* End PBXResourcesBuildPhase section */

/* Begin PBXShellScriptBuildPhase section */
		607E72FD50913CF323C85537 /* [CP] Embed Pods Frameworks */ = {
			isa = PBXShellScriptBuildPhase;
			buildActionMask = 2147483647;
			files = (
			);
			inputFileListPaths = (
				"${PODS_ROOT}/Target Support Files/Pods-assignment6/Pods-assignment6-frameworks-${CONFIGURATION}-input-files.xcfilelist",
			);
			name = "[CP] Embed Pods Frameworks";
			outputFileListPaths = (
				"${PODS_ROOT}/Target Support Files/Pods-assignment6/Pods-assignment6-frameworks-${CONFIGURATION}-output-files.xcfilelist",
			);
			runOnlyForDeploymentPostprocessing = 0;
			shellPath = /bin/sh;
			shellScript = "\"${PODS_ROOT}/Target Support Files/Pods-assignment6/Pods-assignment6-frameworks.sh\"\n";
			showEnvVarsInLog = 0;
		};
		8959AC703CF4B2EB1373FC61 /* [CP] Check Pods Manifest.lock */ = {
			isa = PBXShellScriptBuildPhase;
			buildActionMask = 2147483647;
			files = (
			);
			inputFileListPaths = (
			);
			inputPaths = (
				"${PODS_PODFILE_DIR_PATH}/Podfile.lock",
				"${PODS_ROOT}/Manifest.lock",
			);
			name = "[CP] Check Pods Manifest.lock";
			outputFileListPaths = (
			);
			outputPaths = (
				"$(DERIVED_FILE_DIR)/Pods-assignment6-checkManifestLockResult.txt",
			);
			runOnlyForDeploymentPostprocessing = 0;
			shellPath = /bin/sh;
			shellScript = "diff \"${PODS_PODFILE_DIR_PATH}/Podfile.lock\" \"${PODS_ROOT}/Manifest.lock\" > /dev/null\nif [ $? != 0 ] ; then\n    # print error to STDERR\n    echo \"error: The sandbox is not in sync with the Podfile.lock. Run 'pod install' or update your CocoaPods installation.\" >&2\n    exit 1\nfi\n# This output is used by Xcode 'outputs' to avoid re-running this script phase.\necho \"SUCCESS\" > \"${SCRIPT_OUTPUT_FILE_0}\"\n";
			showEnvVarsInLog = 0;
		};
/* End PBXShellScriptBuildPhase section */

/* Begin PBXSourcesBuildPhase section */
		419E124425F1114600BC3645 /* Sources */ = {
			isa = PBXSourcesBuildPhase;
			buildActionMask = 2147483647;
			files = (
				419E127125F115DC00BC3645 /* Constants.swift in Sources */,
				419E126125F1126E00BC3645 /* CommodityTableViewController.swift in Sources */,
				419E124C25F1114600BC3645 /* AppDelegate.swift in Sources */,
				419E126C25F114E800BC3645 /* CommodityTableViewCell.swift in Sources */,
				419E124E25F1114600BC3645 /* SceneDelegate.swift in Sources */,
				419E127425F1179200BC3645 /* Commodity.swift in Sources */,
			);
			runOnlyForDeploymentPostprocessing = 0;
		};
/* End PBXSourcesBuildPhase section */

/* Begin PBXVariantGroup section */
		419E125125F1114600BC3645 /* Main.storyboard */ = {
			isa = PBXVariantGroup;
			children = (
				419E125225F1114600BC3645 /* Base */,
			);
			name = Main.storyboard;
			sourceTree = "<group>";
		};
		419E125625F1114600BC3645 /* LaunchScreen.storyboard */ = {
			isa = PBXVariantGroup;
			children = (
				419E125725F1114600BC3645 /* Base */,
			);
			name = LaunchScreen.storyboard;
			sourceTree = "<group>";
		};
/* End PBXVariantGroup section */

/* Begin XCBuildConfiguration section */
		419E125A25F1114600BC3645 /* Debug */ = {
			isa = XCBuildConfiguration;
			buildSettings = {
				ALWAYS_SEARCH_USER_PATHS = NO;
				CLANG_ANALYZER_NONNULL = YES;
				CLANG_ANALYZER_NUMBER_OBJECT_CONVERSION = YES_AGGRESSIVE;
				CLANG_CXX_LANGUAGE_STANDARD = "gnu++14";
				CLANG_CXX_LIBRARY = "libc++";
				CLANG_ENABLE_MODULES = YES;
				CLANG_ENABLE_OBJC_ARC = YES;
				CLANG_ENABLE_OBJC_WEAK = YES;
				CLANG_WARN_BLOCK_CAPTURE_AUTORELEASING = YES;
				CLANG_WARN_BOOL_CONVERSION = YES;
				CLANG_WARN_COMMA = YES;
				CLANG_WARN_CONSTANT_CONVERSION = YES;
				CLANG_WARN_DEPRECATED_OBJC_IMPLEMENTATIONS = YES;
				CLANG_WARN_DIRECT_OBJC_ISA_USAGE = YES_ERROR;
				CLANG_WARN_DOCUMENTATION_COMMENTS = YES;
				CLANG_WARN_EMPTY_BODY = YES;
				CLANG_WARN_ENUM_CONVERSION = YES;
				CLANG_WARN_INFINITE_RECURSION = YES;
				CLANG_WARN_INT_CONVERSION = YES;
				CLANG_WARN_NON_LITERAL_NULL_CONVERSION = YES;
				CLANG_WARN_OBJC_IMPLICIT_RETAIN_SELF = YES;
				CLANG_WARN_OBJC_LITERAL_CONVERSION = YES;
				CLANG_WARN_OBJC_ROOT_CLASS = YES_ERROR;
				CLANG_WARN_QUOTED_INCLUDE_IN_FRAMEWORK_HEADER = YES;
				CLANG_WARN_RANGE_LOOP_ANALYSIS = YES;
				CLANG_WARN_STRICT_PROTOTYPES = YES;
				CLANG_WARN_SUSPICIOUS_MOVE = YES;
				CLANG_WARN_UNGUARDED_AVAILABILITY = YES_AGGRESSIVE;
				CLANG_WARN_UNREACHABLE_CODE = YES;
				CLANG_WARN__DUPLICATE_METHOD_MATCH = YES;
				COPY_PHASE_STRIP = NO;
				DEBUG_INFORMATION_FORMAT = dwarf;
				ENABLE_STRICT_OBJC_MSGSEND = YES;
				ENABLE_TESTABILITY = YES;
				GCC_C_LANGUAGE_STANDARD = gnu11;
				GCC_DYNAMIC_NO_PIC = NO;
				GCC_NO_COMMON_BLOCKS = YES;
				GCC_OPTIMIZATION_LEVEL = 0;
				GCC_PREPROCESSOR_DEFINITIONS = (
					"DEBUG=1",
					"$(inherited)",
				);
				GCC_WARN_64_TO_32_BIT_CONVERSION = YES;
				GCC_WARN_ABOUT_RETURN_TYPE = YES_ERROR;
				GCC_WARN_UNDECLARED_SELECTOR = YES;
				GCC_WARN_UNINITIALIZED_AUTOS = YES_AGGRESSIVE;
				GCC_WARN_UNUSED_FUNCTION = YES;
				GCC_WARN_UNUSED_VARIABLE = YES;
				IPHONEOS_DEPLOYMENT_TARGET = 14.4;
				MTL_ENABLE_DEBUG_INFO = INCLUDE_SOURCE;
				MTL_FAST_MATH = YES;
				ONLY_ACTIVE_ARCH = YES;
				SDKROOT = iphoneos;
				SWIFT_ACTIVE_COMPILATION_CONDITIONS = DEBUG;
				SWIFT_OPTIMIZATION_LEVEL = "-Onone";
			};
			name = Debug;
		};
		419E125B25F1114600BC3645 /* Release */ = {
			isa = XCBuildConfiguration;
			buildSettings = {
				ALWAYS_SEARCH_USER_PATHS = NO;
				CLANG_ANALYZER_NONNULL = YES;
				CLANG_ANALYZER_NUMBER_OBJECT_CONVERSION = YES_AGGRESSIVE;
				CLANG_CXX_LANGUAGE_STANDARD = "gnu++14";
				CLANG_CXX_LIBRARY = "libc++";
				CLANG_ENABLE_MODULES = YES;
				CLANG_ENABLE_OBJC_ARC = YES;
				CLANG_ENABLE_OBJC_WEAK = YES;
				CLANG_WARN_BLOCK_CAPTURE_AUTORELEASING = YES;
				CLANG_WARN_BOOL_CONVERSION = YES;
				CLANG_WARN_COMMA = YES;
				CLANG_WARN_CONSTANT_CONVERSION = YES;
				CLANG_WARN_DEPRECATED_OBJC_IMPLEMENTATIONS = YES;
				CLANG_WARN_DIRECT_OBJC_ISA_USAGE = YES_ERROR;
				CLANG_WARN_DOCUMENTATION_COMMENTS = YES;
				CLANG_WARN_EMPTY_BODY = YES;
				CLANG_WARN_ENUM_CONVERSION = YES;
				CLANG_WARN_INFINITE_RECURSION = YES;
				CLANG_WARN_INT_CONVERSION = YES;
				CLANG_WARN_NON_LITERAL_NULL_CONVERSION = YES;
				CLANG_WARN_OBJC_IMPLICIT_RETAIN_SELF = YES;
				CLANG_WARN_OBJC_LITERAL_CONVERSION = YES;
				CLANG_WARN_OBJC_ROOT_CLASS = YES_ERROR;
				CLANG_WARN_QUOTED_INCLUDE_IN_FRAMEWORK_HEADER = YES;
				CLANG_WARN_RANGE_LOOP_ANALYSIS = YES;
				CLANG_WARN_STRICT_PROTOTYPES = YES;
				CLANG_WARN_SUSPICIOUS_MOVE = YES;
				CLANG_WARN_UNGUARDED_AVAILABILITY = YES_AGGRESSIVE;
				CLANG_WARN_UNREACHABLE_CODE = YES;
				CLANG_WARN__DUPLICATE_METHOD_MATCH = YES;
				COPY_PHASE_STRIP = NO;
				DEBUG_INFORMATION_FORMAT = "dwarf-with-dsym";
				ENABLE_NS_ASSERTIONS = NO;
				ENABLE_STRICT_OBJC_MSGSEND = YES;
				GCC_C_LANGUAGE_STANDARD = gnu11;
				GCC_NO_COMMON_BLOCKS = YES;
				GCC_WARN_64_TO_32_BIT_CONVERSION = YES;
				GCC_WARN_ABOUT_RETURN_TYPE = YES_ERROR;
				GCC_WARN_UNDECLARED_SELECTOR = YES;
				GCC_WARN_UNINITIALIZED_AUTOS = YES_AGGRESSIVE;
				GCC_WARN_UNUSED_FUNCTION = YES;
				GCC_WARN_UNUSED_VARIABLE = YES;
				IPHONEOS_DEPLOYMENT_TARGET = 14.4;
				MTL_ENABLE_DEBUG_INFO = NO;
				MTL_FAST_MATH = YES;
				SDKROOT = iphoneos;
				SWIFT_COMPILATION_MODE = wholemodule;
				SWIFT_OPTIMIZATION_LEVEL = "-O";
				VALIDATE_PRODUCT = YES;
			};
			name = Release;
		};
		419E125D25F1114600BC3645 /* Debug */ = {
			isa = XCBuildConfiguration;
			baseConfigurationReference = CCAB1005B360A825F4F879C9 /* Pods-assignment6.debug.xcconfig */;
			buildSettings = {
				ASSETCATALOG_COMPILER_APPICON_NAME = AppIcon;
				ASSETCATALOG_COMPILER_GLOBAL_ACCENT_COLOR_NAME = AccentColor;
				CODE_SIGN_STYLE = Automatic;
				INFOPLIST_FILE = assignment6/Info.plist;
				LD_RUNPATH_SEARCH_PATHS = (
					"$(inherited)",
					"@executable_path/Frameworks",
				);
				PRODUCT_BUNDLE_IDENTIFIER = edu.northeastern.hanzhangneu.assignemnt6;
				PRODUCT_NAME = "$(TARGET_NAME)";
				SWIFT_VERSION = 5.0;
				TARGETED_DEVICE_FAMILY = "1,2";
			};
			name = Debug;
		};
		419E125E25F1114600BC3645 /* Release */ = {
			isa = XCBuildConfiguration;
			baseConfigurationReference = 477BF950FCC34A55A82F51C3 /* Pods-assignment6.release.xcconfig */;
			buildSettings = {
				ASSETCATALOG_COMPILER_APPICON_NAME = AppIcon;
				ASSETCATALOG_COMPILER_GLOBAL_ACCENT_COLOR_NAME = AccentColor;
				CODE_SIGN_STYLE = Automatic;
				INFOPLIST_FILE = assignment6/Info.plist;
				LD_RUNPATH_SEARCH_PATHS = (
					"$(inherited)",
					"@executable_path/Frameworks",
				);
				PRODUCT_BUNDLE_IDENTIFIER = edu.northeastern.hanzhangneu.assignemnt6;
				PRODUCT_NAME = "$(TARGET_NAME)";
				SWIFT_VERSION = 5.0;
				TARGETED_DEVICE_FAMILY = "1,2";
			};
			name = Release;
		};
/* End XCBuildConfiguration section */

/* Begin XCConfigurationList section */
		419E124325F1114600BC3645 /* Build configuration list for PBXProject "assignment6" */ = {
			isa = XCConfigurationList;
			buildConfigurations = (
				419E125A25F1114600BC3645 /* Debug */,
				419E125B25F1114600BC3645 /* Release */,
			);
			defaultConfigurationIsVisible = 0;
			defaultConfigurationName = Release;
		};
		419E125C25F1114600BC3645 /* Build configuration list for PBXNativeTarget "assignment6" */ = {
			isa = XCConfigurationList;
			buildConfigurations = (
				419E125D25F1114600BC3645 /* Debug */,
				419E125E25F1114600BC3645 /* Release */,
			);
			defaultConfigurationIsVisible = 0;
			defaultConfigurationName = Release;
		};
/* End XCConfigurationList section */
	};
	rootObject = 419E124025F1114600BC3645 /* Project object */;
}
